
Microsoft Visual Studio Solution File, Format Version 12.00
# Visual Studio Version 17
VisualStudioVersion = 17.11.35327.3
MinimumVisualStudioVersion = 10.0.40219.1
Project("{FAE04EC0-301F-11D3-BF4B-00C04F79EFBC}") = "WindowsTool", "WindowsTool.csproj", "{CD5511AC-AA62-4CDD-9D5B-F756AB1336AB}"
EndProject
Global
	GlobalSection(SolutionConfigurationPlatforms) = preSolution
		Debug|Any CPU = Debug|Any CPU
		Release|Any CPU = Release|Any CPU
	EndGlobalSection
	GlobalSection(ProjectConfigurationPlatforms) = postSolution
		{CD5511AC-AA62-4CDD-9D5B-F756AB1336AB}.Debug|Any CPU.ActiveCfg = Debug|Any CPU
		{CD5511AC-AA62-4CDD-9D5B-F756AB1336AB}.Debug|Any CPU.Build.0 = Debug|Any CPU
		{CD5511AC-AA62-4CDD-9D5B-F756AB1336AB}.Release|Any CPU.ActiveCfg = Release|Any CPU
		{CD5511AC-AA62-4CDD-9D5B-F756AB1336AB}.Release|Any CPU.Build.0 = Release|Any CPU
	EndGlobalSection
	GlobalSection(SolutionProperties) = preSolution
		HideSolutionNode = FALSE
	EndGlobalSection
	GlobalSection(ExtensibilityGlobals) = postSolution
		SolutionGuid = {1B11EB0A-A14B-4F38-A4C5-43D8EAA61ABF}
	EndGlobalSection
EndGlobal
